<?xml version="1.0" encoding="UTF-8"?>
<CONFIG>
  <ProjectOptions>
    <Version Value="12"/>
    <PathDelim Value="\"/>
    <General>
      <Flags>
        <CompatibilityMode Value="True"/>
      </Flags>
      <SessionStorage Value="InProjectDir"/>
      <Title Value="Subtitle Workshop"/>
      <ResourceType Value="res"/>
      <UseXPManifest Value="True"/>
      <XPManifest>
        <TextName Value="URUWorks Subtitle Workshop"/>
        <TextDesc Value=""/>
      </XPManifest>
      <Icon Value="0"/>
    </General>
    <i18n>
      <EnableI18N LFM="False"/>
    </i18n>
    <BuildModes Count="3">
      <Item1 Name="Default" Default="True"/>
      <Item2 Name="Win64">
        <CompilerOptions>
          <Version Value="11"/>
          <PathDelim Value="\"/>
          <Target>
            <Filename Value="..\Bin\sw"/>
          </Target>
          <SearchPaths>
            <IncludeFiles Value="$(ProjOutDir)"/>
            <OtherUnitFiles Value="..\..\..\Lib"/>
            <UnitOutputDirectory Value="lib\$(TargetCPU)-$(TargetOS)"/>
          </SearchPaths>
          <Linking>
            <Debugging>
              <GenerateDebugInfo Value="False"/>
            </Debugging>
            <Options>
              <Win32>
                <GraphicApplication Value="True"/>
              </Win32>
            </Options>
          </Linking>
        </CompilerOptions>
      </Item2>
      <Item3 Name="Linux64">
        <CompilerOptions>
          <Version Value="11"/>
          <PathDelim Value="\"/>
          <Target>
            <Filename Value="..\Bin\sw"/>
          </Target>
          <SearchPaths>
            <IncludeFiles Value="$(ProjOutDir)"/>
            <OtherUnitFiles Value="..\..\..\Lib"/>
            <UnitOutputDirectory Value="lib\$(TargetCPU)-$(TargetOS)"/>
          </SearchPaths>
          <CodeGeneration>
            <TargetCPU Value="x86_64"/>
            <TargetOS Value="linux"/>
          </CodeGeneration>
          <Linking>
            <Debugging>
              <GenerateDebugInfo Value="False"/>
            </Debugging>
            <Options>
              <Win32>
                <GraphicApplication Value="True"/>
              </Win32>
            </Options>
          </Linking>
        </CompilerOptions>
      </Item3>
    </BuildModes>
    <PublishOptions>
      <Version Value="2"/>
    </PublishOptions>
    <RunParams>
      <FormatVersion Value="2"/>
      <Modes Count="1">
        <Mode0 Name="default"/>
      </Modes>
    </RunParams>
    <RequiredPackages Count="4">
      <Item1>
        <PackageName Value="pascalscript"/>
      </Item1>
      <Item2>
        <PackageName Value="virtualtreeview_package"/>
      </Item2>
      <Item3>
        <PackageName Value="UWLazarus"/>
      </Item3>
      <Item4>
        <PackageName Value="LCL"/>
      </Item4>
    </RequiredPackages>
    <Units Count="20">
      <Unit0>
        <Filename Value="sw.lpr"/>
        <IsPartOfProject Value="True"/>
      </Unit0>
      <Unit1>
        <Filename Value="umain.pas"/>
        <IsPartOfProject Value="True"/>
        <ComponentName Value="frmMain"/>
        <HasResources Value="True"/>
        <ResourceBaseClass Value="Form"/>
        <UnitName Value="UMain"/>
      </Unit1>
      <Unit2>
        <Filename Value="utypes.pas"/>
        <IsPartOfProject Value="True"/>
        <UnitName Value="UTypes"/>
      </Unit2>
      <Unit3>
        <Filename Value="ucommon.pas"/>
        <IsPartOfProject Value="True"/>
        <UnitName Value="UCommon"/>
      </Unit3>
      <Unit4>
        <Filename Value="uundo.pas"/>
        <IsPartOfProject Value="True"/>
        <UnitName Value="UUndo"/>
      </Unit4>
      <Unit5>
        <Filename Value="uerrors.pas"/>
        <IsPartOfProject Value="True"/>
        <UnitName Value="UErrors"/>
      </Unit5>
      <Unit6>
        <Filename Value="ufindandreplace.pas"/>
        <IsPartOfProject Value="True"/>
        <ComponentName Value="frmFindAndReplace"/>
        <HasResources Value="True"/>
        <ResourceBaseClass Value="Form"/>
        <UnitName Value="UFindAndReplace"/>
      </Unit6>
      <Unit7>
        <Filename Value="uspellcheck.pas"/>
        <IsPartOfProject Value="True"/>
        <ComponentName Value="frmSpellCheck"/>
        <HasResources Value="True"/>
        <ResourceBaseClass Value="Form"/>
        <UnitName Value="USpellCheck"/>
      </Unit7>
      <Unit8>
        <Filename Value="uabout.pas"/>
        <IsPartOfProject Value="True"/>
        <ComponentName Value="frmAbout"/>
        <HasResources Value="True"/>
        <ResourceBaseClass Value="Form"/>
        <UnitName Value="UAbout"/>
      </Unit8>
      <Unit9>
        <Filename Value="uwelcome.pas"/>
        <IsPartOfProject Value="True"/>
        <ComponentName Value="frmWelcome"/>
        <HasResources Value="True"/>
        <ResourceBaseClass Value="Form"/>
        <UnitName Value="UWelcome"/>
      </Unit9>
      <Unit10>
        <Filename Value="utexts.pas"/>
        <IsPartOfProject Value="True"/>
        <ComponentName Value="frmTexts"/>
        <HasResources Value="True"/>
        <ResourceBaseClass Value="Form"/>
        <UnitName Value="UTexts"/>
      </Unit10>
      <Unit11>
        <Filename Value="utimings.pas"/>
        <IsPartOfProject Value="True"/>
        <ComponentName Value="frmTimings"/>
        <HasResources Value="True"/>
        <ResourceBaseClass Value="Form"/>
        <UnitName Value="UTimings"/>
      </Unit11>
      <Unit12>
        <Filename Value="uinfoanderrors.pas"/>
        <IsPartOfProject Value="True"/>
        <ComponentName Value="frmInfoAndErrors"/>
        <HasResources Value="True"/>
        <ResourceBaseClass Value="Form"/>
        <UnitName Value="UInfoAndErrors"/>
      </Unit12>
      <Unit13>
        <Filename Value="uvideo.pas"/>
        <IsPartOfProject Value="True"/>
        <ComponentName Value="frmVideo"/>
        <HasResources Value="True"/>
        <ResourceBaseClass Value="Form"/>
        <UnitName Value="UVideo"/>
      </Unit13>
      <Unit14>
        <Filename Value="UInfoAndErrorsTypes.pas"/>
        <IsPartOfProject Value="True"/>
      </Unit14>
      <Unit15>
        <Filename Value="uaudioextraction.pas"/>
        <IsPartOfProject Value="True"/>
        <ComponentName Value="frmAudioExtraction"/>
        <HasResources Value="True"/>
        <ResourceBaseClass Value="Form"/>
        <UnitName Value="UAudioExtraction"/>
      </Unit15>
      <Unit16>
        <Filename Value="ustylesandactors.pas"/>
        <IsPartOfProject Value="True"/>
        <ComponentName Value="frmStylesAndActors"/>
        <HasResources Value="True"/>
        <ResourceBaseClass Value="Form"/>
        <UnitName Value="UStylesAndActors"/>
      </Unit16>
      <Unit17>
        <Filename Value="uglossary.pas"/>
        <IsPartOfProject Value="True"/>
        <ComponentName Value="frmGlossary"/>
        <HasResources Value="True"/>
        <ResourceBaseClass Value="Form"/>
        <UnitName Value="UGlossary"/>
      </Unit17>
      <Unit18>
        <Filename Value="utm.pas"/>
        <IsPartOfProject Value="True"/>
        <ComponentName Value="frmTM"/>
        <HasResources Value="True"/>
        <ResourceBaseClass Value="Form"/>
        <UnitName Value="UTM"/>
      </Unit18>
      <Unit19>
        <Filename Value="uproject.pas"/>
        <IsPartOfProject Value="True"/>
        <ComponentName Value="frmProject"/>
        <HasResources Value="True"/>
        <ResourceBaseClass Value="Form"/>
        <UnitName Value="UProject"/>
      </Unit19>
    </Units>
  </ProjectOptions>
  <CompilerOptions>
    <Version Value="11"/>
    <PathDelim Value="\"/>
    <Target>
      <Filename Value="..\Bin\sw"/>
    </Target>
    <SearchPaths>
      <IncludeFiles Value="$(ProjOutDir)"/>
      <OtherUnitFiles Value="..\..\..\Lib"/>
      <UnitOutputDirectory Value="lib\$(TargetCPU)-$(TargetOS)"/>
    </SearchPaths>
    <Linking>
      <Debugging>
        <DebugInfoType Value="dsDwarf2"/>
      </Debugging>
      <Options>
        <Win32>
          <GraphicApplication Value="True"/>
        </Win32>
      </Options>
    </Linking>
  </CompilerOptions>
  <Debugging>
    <Exceptions Count="3">
      <Item1>
        <Name Value="EAbort"/>
      </Item1>
      <Item2>
        <Name Value="ECodetoolError"/>
      </Item2>
      <Item3>
        <Name Value="EFOpenError"/>
      </Item3>
    </Exceptions>
  </Debugging>
</CONFIG>
